
Microsoft Visual Studio Solution File, Format Version 12.00
# Visual Studio Version 17
VisualStudioVersion = 17.0.31919.166
MinimumVisualStudioVersion = 10.0.40219.1
Project("{2150E333-8FDC-42A3-9474-1A3956D46DE8}") = "Solution Items", "Solution Items", "{3CD2BDE5-23F8-402D-AE65-406C09EE2D25}"
	ProjectSection(SolutionItems) = preProject
		README.md = README.md
	EndProjectSection
EndProject
Project("{8BC9CEB8-8B4A-11D0-8D11-00A0C91BC942}") = "init-d3d-context", "init-d3d-context\init-d3d-context.vcxproj", "{A5523BDE-7D3F-41D0-A31B-AF96D8A93A30}"
EndProject
Project("{8BC9CEB8-8B4A-11D0-8D11-00A0C91BC942}") = "triangle", "triangle\triangle.vcxproj", "{F3E8782C-3A46-47B6-94BB-62377AC10E2B}"
EndProject
Project("{8BC9CEB8-8B4A-11D0-8D11-00A0C91BC942}") = "cube", "cube\cube.vcxproj", "{A5B6884F-2103-4416-BBAC-D461D50F9ECA}"
EndProject
Project("{8BC9CEB8-8B4A-11D0-8D11-00A0C91BC942}") = "vector-math", "vector-math\vector-math.vcxproj", "{6E47DA5F-4E42-4CA0-BCBF-90587D2BED0C}"
EndProject
Project("{8BC9CEB8-8B4A-11D0-8D11-00A0C91BC942}") = "xna-matrices", "xna-matrices\xna-matrices.vcxproj", "{60194FEF-F8D5-4C19-AE3A-AB8B431E87EC}"
EndProject
Project("{8BC9CEB8-8B4A-11D0-8D11-00A0C91BC942}") = "input", "input\input.vcxproj", "{C25CC8FF-2A9F-4632-9E79-2517F76B5AD1}"
EndProject
Project("{8BC9CEB8-8B4A-11D0-8D11-00A0C91BC942}") = "DirectXTK_Desktop_2022_Win10", "DirectXTK\DirectXTK_Desktop_2022_Win10.vcxproj", "{E0B52AE7-E160-4D32-BF3F-910B785E5A8E}"
EndProject
Project("{8BC9CEB8-8B4A-11D0-8D11-00A0C91BC942}") = "model-loading", "model-loading\model-loading.vcxproj", "{85B47E23-4291-4C06-880F-78C45D98DB0B}"
EndProject
Project("{8BC9CEB8-8B4A-11D0-8D11-00A0C91BC942}") = "mipmap-textures", "mipmap-textures\mipmap-textures.vcxproj", "{ECD8BCF3-438C-4F69-B93C-8527310A4AE8}"
EndProject
Project("{8BC9CEB8-8B4A-11D0-8D11-00A0C91BC942}") = "lighting", "lighting\lighting.vcxproj", "{3F7C1CF7-19A0-45B3-9B57-EA1D3C7941BF}"
EndProject
Global
	GlobalSection(SolutionConfigurationPlatforms) = preSolution
		Debug|ARM64 = Debug|ARM64
		Debug|x64 = Debug|x64
		Debug|x86 = Debug|x86
		Release|ARM64 = Release|ARM64
		Release|x64 = Release|x64
		Release|x86 = Release|x86
	EndGlobalSection
	GlobalSection(ProjectConfigurationPlatforms) = postSolution
		{A5523BDE-7D3F-41D0-A31B-AF96D8A93A30}.Debug|ARM64.ActiveCfg = Debug|x64
		{A5523BDE-7D3F-41D0-A31B-AF96D8A93A30}.Debug|ARM64.Build.0 = Debug|x64
		{A5523BDE-7D3F-41D0-A31B-AF96D8A93A30}.Debug|x64.ActiveCfg = Debug|x64
		{A5523BDE-7D3F-41D0-A31B-AF96D8A93A30}.Debug|x64.Build.0 = Debug|x64
		{A5523BDE-7D3F-41D0-A31B-AF96D8A93A30}.Debug|x86.ActiveCfg = Debug|Win32
		{A5523BDE-7D3F-41D0-A31B-AF96D8A93A30}.Debug|x86.Build.0 = Debug|Win32
		{A5523BDE-7D3F-41D0-A31B-AF96D8A93A30}.Release|ARM64.ActiveCfg = Release|x64
		{A5523BDE-7D3F-41D0-A31B-AF96D8A93A30}.Release|ARM64.Build.0 = Release|x64
		{A5523BDE-7D3F-41D0-A31B-AF96D8A93A30}.Release|x64.ActiveCfg = Release|x64
		{A5523BDE-7D3F-41D0-A31B-AF96D8A93A30}.Release|x64.Build.0 = Release|x64
		{A5523BDE-7D3F-41D0-A31B-AF96D8A93A30}.Release|x86.ActiveCfg = Release|Win32
		{A5523BDE-7D3F-41D0-A31B-AF96D8A93A30}.Release|x86.Build.0 = Release|Win32
		{F3E8782C-3A46-47B6-94BB-62377AC10E2B}.Debug|ARM64.ActiveCfg = Debug|x64
		{F3E8782C-3A46-47B6-94BB-62377AC10E2B}.Debug|ARM64.Build.0 = Debug|x64
		{F3E8782C-3A46-47B6-94BB-62377AC10E2B}.Debug|x64.ActiveCfg = Debug|x64
		{F3E8782C-3A46-47B6-94BB-62377AC10E2B}.Debug|x64.Build.0 = Debug|x64
		{F3E8782C-3A46-47B6-94BB-62377AC10E2B}.Debug|x86.ActiveCfg = Debug|Win32
		{F3E8782C-3A46-47B6-94BB-62377AC10E2B}.Debug|x86.Build.0 = Debug|Win32
		{F3E8782C-3A46-47B6-94BB-62377AC10E2B}.Release|ARM64.ActiveCfg = Release|x64
		{F3E8782C-3A46-47B6-94BB-62377AC10E2B}.Release|ARM64.Build.0 = Release|x64
		{F3E8782C-3A46-47B6-94BB-62377AC10E2B}.Release|x64.ActiveCfg = Release|x64
		{F3E8782C-3A46-47B6-94BB-62377AC10E2B}.Release|x64.Build.0 = Release|x64
		{F3E8782C-3A46-47B6-94BB-62377AC10E2B}.Release|x86.ActiveCfg = Release|Win32
		{F3E8782C-3A46-47B6-94BB-62377AC10E2B}.Release|x86.Build.0 = Release|Win32
		{A5B6884F-2103-4416-BBAC-D461D50F9ECA}.Debug|ARM64.ActiveCfg = Debug|x64
		{A5B6884F-2103-4416-BBAC-D461D50F9ECA}.Debug|ARM64.Build.0 = Debug|x64
		{A5B6884F-2103-4416-BBAC-D461D50F9ECA}.Debug|x64.ActiveCfg = Debug|x64
		{A5B6884F-2103-4416-BBAC-D461D50F9ECA}.Debug|x64.Build.0 = Debug|x64
		{A5B6884F-2103-4416-BBAC-D461D50F9ECA}.Debug|x86.ActiveCfg = Debug|Win32
		{A5B6884F-2103-4416-BBAC-D461D50F9ECA}.Debug|x86.Build.0 = Debug|Win32
		{A5B6884F-2103-4416-BBAC-D461D50F9ECA}.Release|ARM64.ActiveCfg = Release|x64
		{A5B6884F-2103-4416-BBAC-D461D50F9ECA}.Release|ARM64.Build.0 = Release|x64
		{A5B6884F-2103-4416-BBAC-D461D50F9ECA}.Release|x64.ActiveCfg = Release|x64
		{A5B6884F-2103-4416-BBAC-D461D50F9ECA}.Release|x64.Build.0 = Release|x64
		{A5B6884F-2103-4416-BBAC-D461D50F9ECA}.Release|x86.ActiveCfg = Release|Win32
		{A5B6884F-2103-4416-BBAC-D461D50F9ECA}.Release|x86.Build.0 = Release|Win32
		{6E47DA5F-4E42-4CA0-BCBF-90587D2BED0C}.Debug|ARM64.ActiveCfg = Debug|x64
		{6E47DA5F-4E42-4CA0-BCBF-90587D2BED0C}.Debug|ARM64.Build.0 = Debug|x64
		{6E47DA5F-4E42-4CA0-BCBF-90587D2BED0C}.Debug|x64.ActiveCfg = Debug|x64
		{6E47DA5F-4E42-4CA0-BCBF-90587D2BED0C}.Debug|x64.Build.0 = Debug|x64
		{6E47DA5F-4E42-4CA0-BCBF-90587D2BED0C}.Debug|x86.ActiveCfg = Debug|Win32
		{6E47DA5F-4E42-4CA0-BCBF-90587D2BED0C}.Debug|x86.Build.0 = Debug|Win32
		{6E47DA5F-4E42-4CA0-BCBF-90587D2BED0C}.Release|ARM64.ActiveCfg = Release|x64
		{6E47DA5F-4E42-4CA0-BCBF-90587D2BED0C}.Release|ARM64.Build.0 = Release|x64
		{6E47DA5F-4E42-4CA0-BCBF-90587D2BED0C}.Release|x64.ActiveCfg = Release|x64
		{6E47DA5F-4E42-4CA0-BCBF-90587D2BED0C}.Release|x64.Build.0 = Release|x64
		{6E47DA5F-4E42-4CA0-BCBF-90587D2BED0C}.Release|x86.ActiveCfg = Release|Win32
		{6E47DA5F-4E42-4CA0-BCBF-90587D2BED0C}.Release|x86.Build.0 = Release|Win32
		{60194FEF-F8D5-4C19-AE3A-AB8B431E87EC}.Debug|ARM64.ActiveCfg = Debug|x64
		{60194FEF-F8D5-4C19-AE3A-AB8B431E87EC}.Debug|ARM64.Build.0 = Debug|x64
		{60194FEF-F8D5-4C19-AE3A-AB8B431E87EC}.Debug|x64.ActiveCfg = Debug|x64
		{60194FEF-F8D5-4C19-AE3A-AB8B431E87EC}.Debug|x64.Build.0 = Debug|x64
		{60194FEF-F8D5-4C19-AE3A-AB8B431E87EC}.Debug|x86.ActiveCfg = Debug|Win32
		{60194FEF-F8D5-4C19-AE3A-AB8B431E87EC}.Debug|x86.Build.0 = Debug|Win32
		{60194FEF-F8D5-4C19-AE3A-AB8B431E87EC}.Release|ARM64.ActiveCfg = Release|x64
		{60194FEF-F8D5-4C19-AE3A-AB8B431E87EC}.Release|ARM64.Build.0 = Release|x64
		{60194FEF-F8D5-4C19-AE3A-AB8B431E87EC}.Release|x64.ActiveCfg = Release|x64
		{60194FEF-F8D5-4C19-AE3A-AB8B431E87EC}.Release|x64.Build.0 = Release|x64
		{60194FEF-F8D5-4C19-AE3A-AB8B431E87EC}.Release|x86.ActiveCfg = Release|Win32
		{60194FEF-F8D5-4C19-AE3A-AB8B431E87EC}.Release|x86.Build.0 = Release|Win32
		{C25CC8FF-2A9F-4632-9E79-2517F76B5AD1}.Debug|ARM64.ActiveCfg = Debug|x64
		{C25CC8FF-2A9F-4632-9E79-2517F76B5AD1}.Debug|ARM64.Build.0 = Debug|x64
		{C25CC8FF-2A9F-4632-9E79-2517F76B5AD1}.Debug|x64.ActiveCfg = Debug|x64
		{C25CC8FF-2A9F-4632-9E79-2517F76B5AD1}.Debug|x64.Build.0 = Debug|x64
		{C25CC8FF-2A9F-4632-9E79-2517F76B5AD1}.Debug|x86.ActiveCfg = Debug|Win32
		{C25CC8FF-2A9F-4632-9E79-2517F76B5AD1}.Debug|x86.Build.0 = Debug|Win32
		{C25CC8FF-2A9F-4632-9E79-2517F76B5AD1}.Release|ARM64.ActiveCfg = Release|x64
		{C25CC8FF-2A9F-4632-9E79-2517F76B5AD1}.Release|ARM64.Build.0 = Release|x64
		{C25CC8FF-2A9F-4632-9E79-2517F76B5AD1}.Release|x64.ActiveCfg = Release|x64
		{C25CC8FF-2A9F-4632-9E79-2517F76B5AD1}.Release|x64.Build.0 = Release|x64
		{C25CC8FF-2A9F-4632-9E79-2517F76B5AD1}.Release|x86.ActiveCfg = Release|Win32
		{C25CC8FF-2A9F-4632-9E79-2517F76B5AD1}.Release|x86.Build.0 = Release|Win32
		{E0B52AE7-E160-4D32-BF3F-910B785E5A8E}.Debug|ARM64.ActiveCfg = Debug|ARM64
		{E0B52AE7-E160-4D32-BF3F-910B785E5A8E}.Debug|ARM64.Build.0 = Debug|ARM64
		{E0B52AE7-E160-4D32-BF3F-910B785E5A8E}.Debug|x64.ActiveCfg = Debug|x64
		{E0B52AE7-E160-4D32-BF3F-910B785E5A8E}.Debug|x64.Build.0 = Debug|x64
		{E0B52AE7-E160-4D32-BF3F-910B785E5A8E}.Debug|x86.ActiveCfg = Debug|Win32
		{E0B52AE7-E160-4D32-BF3F-910B785E5A8E}.Debug|x86.Build.0 = Debug|Win32
		{E0B52AE7-E160-4D32-BF3F-910B785E5A8E}.Release|ARM64.ActiveCfg = Release|ARM64
		{E0B52AE7-E160-4D32-BF3F-910B785E5A8E}.Release|ARM64.Build.0 = Release|ARM64
		{E0B52AE7-E160-4D32-BF3F-910B785E5A8E}.Release|x64.ActiveCfg = Release|x64
		{E0B52AE7-E160-4D32-BF3F-910B785E5A8E}.Release|x64.Build.0 = Release|x64
		{E0B52AE7-E160-4D32-BF3F-910B785E5A8E}.Release|x86.ActiveCfg = Release|Win32
		{E0B52AE7-E160-4D32-BF3F-910B785E5A8E}.Release|x86.Build.0 = Release|Win32
		{85B47E23-4291-4C06-880F-78C45D98DB0B}.Debug|ARM64.ActiveCfg = Debug|x64
		{85B47E23-4291-4C06-880F-78C45D98DB0B}.Debug|ARM64.Build.0 = Debug|x64
		{85B47E23-4291-4C06-880F-78C45D98DB0B}.Debug|x64.ActiveCfg = Debug|x64
		{85B47E23-4291-4C06-880F-78C45D98DB0B}.Debug|x64.Build.0 = Debug|x64
		{85B47E23-4291-4C06-880F-78C45D98DB0B}.Debug|x86.ActiveCfg = Debug|Win32
		{85B47E23-4291-4C06-880F-78C45D98DB0B}.Debug|x86.Build.0 = Debug|Win32
		{85B47E23-4291-4C06-880F-78C45D98DB0B}.Release|ARM64.ActiveCfg = Release|x64
		{85B47E23-4291-4C06-880F-78C45D98DB0B}.Release|ARM64.Build.0 = Release|x64
		{85B47E23-4291-4C06-880F-78C45D98DB0B}.Release|x64.ActiveCfg = Release|x64
		{85B47E23-4291-4C06-880F-78C45D98DB0B}.Release|x64.Build.0 = Release|x64
		{85B47E23-4291-4C06-880F-78C45D98DB0B}.Release|x86.ActiveCfg = Release|Win32
		{85B47E23-4291-4C06-880F-78C45D98DB0B}.Release|x86.Build.0 = Release|Win32
		{ECD8BCF3-438C-4F69-B93C-8527310A4AE8}.Debug|ARM64.ActiveCfg = Debug|x64
		{ECD8BCF3-438C-4F69-B93C-8527310A4AE8}.Debug|ARM64.Build.0 = Debug|x64
		{ECD8BCF3-438C-4F69-B93C-8527310A4AE8}.Debug|x64.ActiveCfg = Debug|x64
		{ECD8BCF3-438C-4F69-B93C-8527310A4AE8}.Debug|x64.Build.0 = Debug|x64
		{ECD8BCF3-438C-4F69-B93C-8527310A4AE8}.Debug|x86.ActiveCfg = Debug|Win32
		{ECD8BCF3-438C-4F69-B93C-8527310A4AE8}.Debug|x86.Build.0 = Debug|Win32
		{ECD8BCF3-438C-4F69-B93C-8527310A4AE8}.Release|ARM64.ActiveCfg = Release|x64
		{ECD8BCF3-438C-4F69-B93C-8527310A4AE8}.Release|ARM64.Build.0 = Release|x64
		{ECD8BCF3-438C-4F69-B93C-8527310A4AE8}.Release|x64.ActiveCfg = Release|x64
		{ECD8BCF3-438C-4F69-B93C-8527310A4AE8}.Release|x64.Build.0 = Release|x64
		{ECD8BCF3-438C-4F69-B93C-8527310A4AE8}.Release|x86.ActiveCfg = Release|Win32
		{ECD8BCF3-438C-4F69-B93C-8527310A4AE8}.Release|x86.Build.0 = Release|Win32
		{3F7C1CF7-19A0-45B3-9B57-EA1D3C7941BF}.Debug|ARM64.ActiveCfg = Debug|x64
		{3F7C1CF7-19A0-45B3-9B57-EA1D3C7941BF}.Debug|ARM64.Build.0 = Debug|x64
		{3F7C1CF7-19A0-45B3-9B57-EA1D3C7941BF}.Debug|x64.ActiveCfg = Debug|x64
		{3F7C1CF7-19A0-45B3-9B57-EA1D3C7941BF}.Debug|x64.Build.0 = Debug|x64
		{3F7C1CF7-19A0-45B3-9B57-EA1D3C7941BF}.Debug|x86.ActiveCfg = Debug|Win32
		{3F7C1CF7-19A0-45B3-9B57-EA1D3C7941BF}.Debug|x86.Build.0 = Debug|Win32
		{3F7C1CF7-19A0-45B3-9B57-EA1D3C7941BF}.Release|ARM64.ActiveCfg = Release|x64
		{3F7C1CF7-19A0-45B3-9B57-EA1D3C7941BF}.Release|ARM64.Build.0 = Release|x64
		{3F7C1CF7-19A0-45B3-9B57-EA1D3C7941BF}.Release|x64.ActiveCfg = Release|x64
		{3F7C1CF7-19A0-45B3-9B57-EA1D3C7941BF}.Release|x64.Build.0 = Release|x64
		{3F7C1CF7-19A0-45B3-9B57-EA1D3C7941BF}.Release|x86.ActiveCfg = Release|Win32
		{3F7C1CF7-19A0-45B3-9B57-EA1D3C7941BF}.Release|x86.Build.0 = Release|Win32
	EndGlobalSection
	GlobalSection(SolutionProperties) = preSolution
		HideSolutionNode = FALSE
	EndGlobalSection
	GlobalSection(ExtensibilityGlobals) = postSolution
		SolutionGuid = {90A6CB57-A9F5-4BDA-ABC7-2B185E227CBD}
	EndGlobalSection
EndGlobal
